{
  "name": "iprokit-demo",
  "version": "1.0.0",
  "lockfileVersion": 3,
  "requires": true,
  "packages": {
    "": {
      "name": "iprokit-demo",
      "version": "1.0.0",
      "license": "ISC",
      "dependencies": {
        "@iprokit/service": "^1.0.0"
      }
    },
    "node_modules/@iprokit/service": {
      "version": "1.0.0",
      "resolved": "https://registry.npmjs.org/@iprokit/service/-/service-1.0.0.tgz",
      "integrity": "sha512-zBD+m+GEOd/03qPPZAhjEbJINSSewenU9tNRqvXppr+xUaCMRrE7UvGM5/0Y1THmxcTsFDET9kyIhVvp8VZAug==",
      "license": "Apache-2.0",
      "engines": {
        "node": ">=20.0.0"
      }
    }
  }
}
